// !$*UTF8*$!
{
	archiveVersion = 1;
	classes = {
	};
	objectVersion = 56;
	objects = {

/* Begin PBXBuildFile section */
		9AB3C9952CF84ADA00DD3054 /* FruitifyKidsApp.swift in Sources */ = {isa = PBXBuildFile; fileRef = 9AB3C9942CF84ADA00DD3054 /* FruitifyKidsApp.swift */; };
		9AB3C9972CF84ADA00DD3054 /* ContentView.swift in Sources */ = {isa = PBXBuildFile; fileRef = 9AB3C9962CF84ADA00DD3054 /* ContentView.swift */; };
		9AB3C9992CF84ADC00DD3054 /* Assets.xcassets in Resources */ = {isa = PBXBuildFile; fileRef = 9AB3C9982CF84ADC00DD3054 /* Assets.xcassets */; };
		9AB3C99C2CF84ADC00DD3054 /* Preview Assets.xcassets in Resources */ = {isa = PBXBuildFile; fileRef = 9AB3C99B2CF84ADC00DD3054 /* Preview Assets.xcassets */; };
		9AB3C9A42CF84E1800DD3054 /* AdminLoginView.swift in Sources */ = {isa = PBXBuildFile; fileRef = 9AB3C9A32CF84E1800DD3054 /* AdminLoginView.swift */; };
		9AB3C9A62CF8AC0700DD3054 /* GoogleService-Info.plist in Resources */ = {isa = PBXBuildFile; fileRef = 9AB3C9A52CF8AC0600DD3054 /* GoogleService-Info.plist */; };
		9AB3C9A92CF8AC3F00DD3054 /* FirebaseAuth in Frameworks */ = {isa = PBXBuildFile; productRef = 9AB3C9A82CF8AC3F00DD3054 /* FirebaseAuth */; };
		9AB3C9AB2CF8AC3F00DD3054 /* FirebaseCore in Frameworks */ = {isa = PBXBuildFile; productRef = 9AB3C9AA2CF8AC3F00DD3054 /* FirebaseCore */; };
		9AB3C9AD2CF8AC3F00DD3054 /* FirebaseFirestore in Frameworks */ = {isa = PBXBuildFile; productRef = 9AB3C9AC2CF8AC3F00DD3054 /* FirebaseFirestore */; };
		9AB3C9AF2CF8AC3F00DD3054 /* FirebaseStorage in Frameworks */ = {isa = PBXBuildFile; productRef = 9AB3C9AE2CF8AC3F00DD3054 /* FirebaseStorage */; };
		9AB3C9B12CF8ACD100DD3054 /* AdminView.swift in Sources */ = {isa = PBXBuildFile; fileRef = 9AB3C9B02CF8ACD000DD3054 /* AdminView.swift */; };
		9AB3C9B52CF8AD2600DD3054 /* FoodItem.swift in Sources */ = {isa = PBXBuildFile; fileRef = 9AB3C9B42CF8AD2600DD3054 /* FoodItem.swift */; };
		9AB3C9B72CF8AD4900DD3054 /* FoodItemService.swift in Sources */ = {isa = PBXBuildFile; fileRef = 9AB3C9B62CF8AD4900DD3054 /* FoodItemService.swift */; };
		9AB3C9B92CF8AEF900DD3054 /* AddFootItemView.swift in Sources */ = {isa = PBXBuildFile; fileRef = 9AB3C9B82CF8AEF900DD3054 /* AddFootItemView.swift */; };
		9AB3C9BB2CF8B01100DD3054 /* FoodItemRow.swift in Sources */ = {isa = PBXBuildFile; fileRef = 9AB3C9BA2CF8B01100DD3054 /* FoodItemRow.swift */; };
		9AB3C9BD2CF8B3FA00DD3054 /* FruitImageClassifier.mlpackage in Sources */ = {isa = PBXBuildFile; fileRef = 9AB3C9BC2CF8B3FA00DD3054 /* FruitImageClassifier.mlpackage */; };
		9AB3C9BF2CF8B64F00DD3054 /* SplashView.swift in Sources */ = {isa = PBXBuildFile; fileRef = 9AB3C9BE2CF8B64E00DD3054 /* SplashView.swift */; };
		9AB3C9C12CF8B66500DD3054 /* IdentifierView.swift in Sources */ = {isa = PBXBuildFile; fileRef = 9AB3C9C02CF8B66500DD3054 /* IdentifierView.swift */; };
		9AB3C9C42CF8C7FE00DD3054 /* AdminLoginViewTests.swift in Sources */ = {isa = PBXBuildFile; fileRef = 9AB3C9C32CF8C7FE00DD3054 /* AdminLoginViewTests.swift */; };
		9AB3C9C82CF8C84500DD3054 /* AdminLoginViewUITests.swift in Sources */ = {isa = PBXBuildFile; fileRef = 9AB3C9C72CF8C84500DD3054 /* AdminLoginViewUITests.swift */; };
/* End PBXBuildFile section */

/* Begin PBXFileReference section */
		9AB3C9912CF84ADA00DD3054 /* FruitifyKids.app */ = {isa = PBXFileReference; explicitFileType = wrapper.application; includeInIndex = 0; path = FruitifyKids.app; sourceTree = BUILT_PRODUCTS_DIR; };
		9AB3C9942CF84ADA00DD3054 /* FruitifyKidsApp.swift */ = {isa = PBXFileReference; lastKnownFileType = sourcecode.swift; path = FruitifyKidsApp.swift; sourceTree = "<group>"; };
		9AB3C9962CF84ADA00DD3054 /* ContentView.swift */ = {isa = PBXFileReference; lastKnownFileType = sourcecode.swift; path = ContentView.swift; sourceTree = "<group>"; };
		9AB3C9982CF84ADC00DD3054 /* Assets.xcassets */ = {isa = PBXFileReference; lastKnownFileType = folder.assetcatalog; path = Assets.xcassets; sourceTree = "<group>"; };
		9AB3C99B2CF84ADC00DD3054 /* Preview Assets.xcassets */ = {isa = PBXFileReference; lastKnownFileType = folder.assetcatalog; path = "Preview Assets.xcassets"; sourceTree = "<group>"; };
		9AB3C9A32CF84E1800DD3054 /* AdminLoginView.swift */ = {isa = PBXFileReference; lastKnownFileType = sourcecode.swift; path = AdminLoginView.swift; sourceTree = "<group>"; };
		9AB3C9A52CF8AC0600DD3054 /* GoogleService-Info.plist */ = {isa = PBXFileReference; fileEncoding = 4; lastKnownFileType = text.plist.xml; path = "GoogleService-Info.plist"; sourceTree = "<group>"; };
		9AB3C9B02CF8ACD000DD3054 /* AdminView.swift */ = {isa = PBXFileReference; lastKnownFileType = sourcecode.swift; path = AdminView.swift; sourceTree = "<group>"; };
		9AB3C9B42CF8AD2600DD3054 /* FoodItem.swift */ = {isa = PBXFileReference; lastKnownFileType = sourcecode.swift; path = FoodItem.swift; sourceTree = "<group>"; };
		9AB3C9B62CF8AD4900DD3054 /* FoodItemService.swift */ = {isa = PBXFileReference; lastKnownFileType = sourcecode.swift; path = FoodItemService.swift; sourceTree = "<group>"; };
		9AB3C9B82CF8AEF900DD3054 /* AddFootItemView.swift */ = {isa = PBXFileReference; lastKnownFileType = sourcecode.swift; path = AddFootItemView.swift; sourceTree = "<group>"; };
		9AB3C9BA2CF8B01100DD3054 /* FoodItemRow.swift */ = {isa = PBXFileReference; lastKnownFileType = sourcecode.swift; path = FoodItemRow.swift; sourceTree = "<group>"; };
		9AB3C9BC2CF8B3FA00DD3054 /* FruitImageClassifier.mlpackage */ = {isa = PBXFileReference; lastKnownFileType = folder.mlpackage; path = FruitImageClassifier.mlpackage; sourceTree = "<group>"; };
		9AB3C9BE2CF8B64E00DD3054 /* SplashView.swift */ = {isa = PBXFileReference; lastKnownFileType = sourcecode.swift; path = SplashView.swift; sourceTree = "<group>"; };
		9AB3C9C02CF8B66500DD3054 /* IdentifierView.swift */ = {isa = PBXFileReference; lastKnownFileType = sourcecode.swift; path = IdentifierView.swift; sourceTree = "<group>"; };
		9AB3C9C32CF8C7FE00DD3054 /* AdminLoginViewTests.swift */ = {isa = PBXFileReference; lastKnownFileType = sourcecode.swift; path = AdminLoginViewTests.swift; sourceTree = "<group>"; };
		9AB3C9C72CF8C84500DD3054 /* AdminLoginViewUITests.swift */ = {isa = PBXFileReference; lastKnownFileType = sourcecode.swift; path = AdminLoginViewUITests.swift; sourceTree = "<group>"; };
/* End PBXFileReference section */

/* Begin PBXFrameworksBuildPhase section */
		9AB3C98E2CF84ADA00DD3054 /* Frameworks */ = {
			isa = PBXFrameworksBuildPhase;
			buildActionMask = 2147483647;
			files = (
				9AB3C9AB2CF8AC3F00DD3054 /* FirebaseCore in Frameworks */,
				9AB3C9AF2CF8AC3F00DD3054 /* FirebaseStorage in Frameworks */,
				9AB3C9A92CF8AC3F00DD3054 /* FirebaseAuth in Frameworks */,
				9AB3C9AD2CF8AC3F00DD3054 /* FirebaseFirestore in Frameworks */,
			);
			runOnlyForDeploymentPostprocessing = 0;
		};
/* End PBXFrameworksBuildPhase section */

/* Begin PBXGroup section */
		9AB3C9882CF84ADA00DD3054 = {
			isa = PBXGroup;
			children = (
				9AB3C9A52CF8AC0600DD3054 /* GoogleService-Info.plist */,
				9AB3C9BC2CF8B3FA00DD3054 /* FruitImageClassifier.mlpackage */,
				9AB3C9932CF84ADA00DD3054 /* FruitifyKids */,
				9AB3C9922CF84ADA00DD3054 /* Products */,
			);
			sourceTree = "<group>";
		};
		9AB3C9922CF84ADA00DD3054 /* Products */ = {
			isa = PBXGroup;
			children = (
				9AB3C9912CF84ADA00DD3054 /* FruitifyKids.app */,
			);
			name = Products;
			sourceTree = "<group>";
		};
		9AB3C9932CF84ADA00DD3054 /* FruitifyKids */ = {
			isa = PBXGroup;
			children = (
				9AB3C9C22CF8C7AB00DD3054 /* Tests */,
				9AB3C9B32CF8AD0E00DD3054 /* Services */,
				9AB3C9B22CF8AD0700DD3054 /* Models */,
				9AB3C9A22CF84E0800DD3054 /* Views */,
				9AB3C9942CF84ADA00DD3054 /* FruitifyKidsApp.swift */,
				9AB3C9962CF84ADA00DD3054 /* ContentView.swift */,
				9AB3C9982CF84ADC00DD3054 /* Assets.xcassets */,
				9AB3C99A2CF84ADC00DD3054 /* Preview Content */,
			);
			path = FruitifyKids;
			sourceTree = "<group>";
		};
		9AB3C99A2CF84ADC00DD3054 /* Preview Content */ = {
			isa = PBXGroup;
			children = (
				9AB3C99B2CF84ADC00DD3054 /* Preview Assets.xcassets */,
			);
			path = "Preview Content";
			sourceTree = "<group>";
		};
		9AB3C9A22CF84E0800DD3054 /* Views */ = {
			isa = PBXGroup;
			children = (
				9AB3C9A32CF84E1800DD3054 /* AdminLoginView.swift */,
				9AB3C9B02CF8ACD000DD3054 /* AdminView.swift */,
				9AB3C9B82CF8AEF900DD3054 /* AddFootItemView.swift */,
				9AB3C9BA2CF8B01100DD3054 /* FoodItemRow.swift */,
				9AB3C9BE2CF8B64E00DD3054 /* SplashView.swift */,
				9AB3C9C02CF8B66500DD3054 /* IdentifierView.swift */,
			);
			path = Views;
			sourceTree = "<group>";
		};
		9AB3C9B22CF8AD0700DD3054 /* Models */ = {
			isa = PBXGroup;
			children = (
				9AB3C9B42CF8AD2600DD3054 /* FoodItem.swift */,
			);
			path = Models;
			sourceTree = "<group>";
		};
		9AB3C9B32CF8AD0E00DD3054 /* Services */ = {
			isa = PBXGroup;
			children = (
				9AB3C9B62CF8AD4900DD3054 /* FoodItemService.swift */,
			);
			path = Services;
			sourceTree = "<group>";
		};
		9AB3C9C22CF8C7AB00DD3054 /* Tests */ = {
			isa = PBXGroup;
			children = (
				9AB3C9C32CF8C7FE00DD3054 /* AdminLoginViewTests.swift */,
				9AB3C9C72CF8C84500DD3054 /* AdminLoginViewUITests.swift */,
			);
			path = Tests;
			sourceTree = "<group>";
		};
/* End PBXGroup section */

/* Begin PBXNativeTarget section */
		9AB3C9902CF84ADA00DD3054 /* FruitifyKids */ = {
			isa = PBXNativeTarget;
			buildConfigurationList = 9AB3C99F2CF84ADC00DD3054 /* Build configuration list for PBXNativeTarget "FruitifyKids" */;
			buildPhases = (
				9AB3C98D2CF84ADA00DD3054 /* Sources */,
				9AB3C98E2CF84ADA00DD3054 /* Frameworks */,
				9AB3C98F2CF84ADA00DD3054 /* Resources */,
			);
			buildRules = (
			);
			dependencies = (
			);
			name = FruitifyKids;
			packageProductDependencies = (
				9AB3C9A82CF8AC3F00DD3054 /* FirebaseAuth */,
				9AB3C9AA2CF8AC3F00DD3054 /* FirebaseCore */,
				9AB3C9AC2CF8AC3F00DD3054 /* FirebaseFirestore */,
				9AB3C9AE2CF8AC3F00DD3054 /* FirebaseStorage */,
			);
			productName = FruitifyKids;
			productReference = 9AB3C9912CF84ADA00DD3054 /* FruitifyKids.app */;
			productType = "com.apple.product-type.application";
		};
/* End PBXNativeTarget section */

/* Begin PBXProject section */
		9AB3C9892CF84ADA00DD3054 /* Project object */ = {
			isa = PBXProject;
			attributes = {
				BuildIndependentTargetsInParallel = 1;
				LastSwiftUpdateCheck = 1530;
				LastUpgradeCheck = 1530;
				TargetAttributes = {
					9AB3C9902CF84ADA00DD3054 = {
						CreatedOnToolsVersion = 15.3;
					};
				};
			};
			buildConfigurationList = 9AB3C98C2CF84ADA00DD3054 /* Build configuration list for PBXProject "FruitifyKids" */;
			compatibilityVersion = "Xcode 14.0";
			developmentRegion = en;
			hasScannedForEncodings = 0;
			knownRegions = (
				en,
				Base,
			);
			mainGroup = 9AB3C9882CF84ADA00DD3054;
			packageReferences = (
				9AB3C9A72CF8AC3F00DD3054 /* XCRemoteSwiftPackageReference "firebase-ios-sdk" */,
			);
			productRefGroup = 9AB3C9922CF84ADA00DD3054 /* Products */;
			projectDirPath = "";
			projectRoot = "";
			targets = (
				9AB3C9902CF84ADA00DD3054 /* FruitifyKids */,
			);
		};
/* End PBXProject section */

/* Begin PBXResourcesBuildPhase section */
		9AB3C98F2CF84ADA00DD3054 /* Resources */ = {
			isa = PBXResourcesBuildPhase;
			buildActionMask = 2147483647;
			files = (
				9AB3C99C2CF84ADC00DD3054 /* Preview Assets.xcassets in Resources */,
				9AB3C9992CF84ADC00DD3054 /* Assets.xcassets in Resources */,
				9AB3C9A62CF8AC0700DD3054 /* GoogleService-Info.plist in Resources */,
			);
			runOnlyForDeploymentPostprocessing = 0;
		};
/* End PBXResourcesBuildPhase section */

/* Begin PBXSourcesBuildPhase section */
		9AB3C98D2CF84ADA00DD3054 /* Sources */ = {
			isa = PBXSourcesBuildPhase;
			buildActionMask = 2147483647;
			files = (
				9AB3C9C12CF8B66500DD3054 /* IdentifierView.swift in Sources */,
				9AB3C9A42CF84E1800DD3054 /* AdminLoginView.swift in Sources */,
				9AB3C9972CF84ADA00DD3054 /* ContentView.swift in Sources */,
				9AB3C9B12CF8ACD100DD3054 /* AdminView.swift in Sources */,
				9AB3C9C42CF8C7FE00DD3054 /* AdminLoginViewTests.swift in Sources */,
				9AB3C9BB2CF8B01100DD3054 /* FoodItemRow.swift in Sources */,
				9AB3C9BD2CF8B3FA00DD3054 /* FruitImageClassifier.mlpackage in Sources */,
				9AB3C9952CF84ADA00DD3054 /* FruitifyKidsApp.swift in Sources */,
				9AB3C9B72CF8AD4900DD3054 /* FoodItemService.swift in Sources */,
				9AB3C9C82CF8C84500DD3054 /* AdminLoginViewUITests.swift in Sources */,
				9AB3C9BF2CF8B64F00DD3054 /* SplashView.swift in Sources */,
				9AB3C9B92CF8AEF900DD3054 /* AddFootItemView.swift in Sources */,
				9AB3C9B52CF8AD2600DD3054 /* FoodItem.swift in Sources */,
			);
			runOnlyForDeploymentPostprocessing = 0;
		};
/* End PBXSourcesBuildPhase section */

/* Begin XCBuildConfiguration section */
		9AB3C99D2CF84ADC00DD3054 /* Debug */ = {
			isa = XCBuildConfiguration;
			buildSettings = {
				ALWAYS_SEARCH_USER_PATHS = NO;
				ASSETCATALOG_COMPILER_GENERATE_SWIFT_ASSET_SYMBOL_EXTENSIONS = YES;
				CLANG_ANALYZER_NONNULL = YES;
				CLANG_ANALYZER_NUMBER_OBJECT_CONVERSION = YES_AGGRESSIVE;
				CLANG_CXX_LANGUAGE_STANDARD = "gnu++20";
				CLANG_ENABLE_MODULES = YES;
				CLANG_ENABLE_OBJC_ARC = YES;
				CLANG_ENABLE_OBJC_WEAK = YES;
				CLANG_WARN_BLOCK_CAPTURE_AUTORELEASING = YES;
				CLANG_WARN_BOOL_CONVERSION = YES;
				CLANG_WARN_COMMA = YES;
				CLANG_WARN_CONSTANT_CONVERSION = YES;
				CLANG_WARN_DEPRECATED_OBJC_IMPLEMENTATIONS = YES;
				CLANG_WARN_DIRECT_OBJC_ISA_USAGE = YES_ERROR;
				CLANG_WARN_DOCUMENTATION_COMMENTS = YES;
				CLANG_WARN_EMPTY_BODY = YES;
				CLANG_WARN_ENUM_CONVERSION = YES;
				CLANG_WARN_INFINITE_RECURSION = YES;
				CLANG_WARN_INT_CONVERSION = YES;
				CLANG_WARN_NON_LITERAL_NULL_CONVERSION = YES;
				CLANG_WARN_OBJC_IMPLICIT_RETAIN_SELF = YES;
				CLANG_WARN_OBJC_LITERAL_CONVERSION = YES;
				CLANG_WARN_OBJC_ROOT_CLASS = YES_ERROR;
				CLANG_WARN_QUOTED_INCLUDE_IN_FRAMEWORK_HEADER = YES;
				CLANG_WARN_RANGE_LOOP_ANALYSIS = YES;
				CLANG_WARN_STRICT_PROTOTYPES = YES;
				CLANG_WARN_SUSPICIOUS_MOVE = YES;
				CLANG_WARN_UNGUARDED_AVAILABILITY = YES_AGGRESSIVE;
				CLANG_WARN_UNREACHABLE_CODE = YES;
				CLANG_WARN__DUPLICATE_METHOD_MATCH = YES;
				COPY_PHASE_STRIP = NO;
				DEBUG_INFORMATION_FORMAT = dwarf;
				ENABLE_STRICT_OBJC_MSGSEND = YES;
				ENABLE_TESTABILITY = YES;
				ENABLE_USER_SCRIPT_SANDBOXING = YES;
				GCC_C_LANGUAGE_STANDARD = gnu17;
				GCC_DYNAMIC_NO_PIC = NO;
				GCC_NO_COMMON_BLOCKS = YES;
				GCC_OPTIMIZATION_LEVEL = 0;
				GCC_PREPROCESSOR_DEFINITIONS = (
					"DEBUG=1",
					"$(inherited)",
				);
				GCC_WARN_64_TO_32_BIT_CONVERSION = YES;
				GCC_WARN_ABOUT_RETURN_TYPE = YES_ERROR;
				GCC_WARN_UNDECLARED_SELECTOR = YES;
				GCC_WARN_UNINITIALIZED_AUTOS = YES_AGGRESSIVE;
				GCC_WARN_UNUSED_FUNCTION = YES;
				GCC_WARN_UNUSED_VARIABLE = YES;
				IPHONEOS_DEPLOYMENT_TARGET = 17.4;
				LOCALIZATION_PREFERS_STRING_CATALOGS = YES;
				MTL_ENABLE_DEBUG_INFO = INCLUDE_SOURCE;
				MTL_FAST_MATH = YES;
				ONLY_ACTIVE_ARCH = YES;
				SDKROOT = iphoneos;
				SWIFT_ACTIVE_COMPILATION_CONDITIONS = "DEBUG $(inherited)";
				SWIFT_OPTIMIZATION_LEVEL = "-Onone";
			};
			name = Debug;
		};
		9AB3C99E2CF84ADC00DD3054 /* Release */ = {
			isa = XCBuildConfiguration;
			buildSettings = {
				ALWAYS_SEARCH_USER_PATHS = NO;
				ASSETCATALOG_COMPILER_GENERATE_SWIFT_ASSET_SYMBOL_EXTENSIONS = YES;
				CLANG_ANALYZER_NONNULL = YES;
				CLANG_ANALYZER_NUMBER_OBJECT_CONVERSION = YES_AGGRESSIVE;
				CLANG_CXX_LANGUAGE_STANDARD = "gnu++20";
				CLANG_ENABLE_MODULES = YES;
				CLANG_ENABLE_OBJC_ARC = YES;
				CLANG_ENABLE_OBJC_WEAK = YES;
				CLANG_WARN_BLOCK_CAPTURE_AUTORELEASING = YES;
				CLANG_WARN_BOOL_CONVERSION = YES;
				CLANG_WARN_COMMA = YES;
				CLANG_WARN_CONSTANT_CONVERSION = YES;
				CLANG_WARN_DEPRECATED_OBJC_IMPLEMENTATIONS = YES;
				CLANG_WARN_DIRECT_OBJC_ISA_USAGE = YES_ERROR;
				CLANG_WARN_DOCUMENTATION_COMMENTS = YES;
				CLANG_WARN_EMPTY_BODY = YES;
				CLANG_WARN_ENUM_CONVERSION = YES;
				CLANG_WARN_INFINITE_RECURSION = YES;
				CLANG_WARN_INT_CONVERSION = YES;
				CLANG_WARN_NON_LITERAL_NULL_CONVERSION = YES;
				CLANG_WARN_OBJC_IMPLICIT_RETAIN_SELF = YES;
				CLANG_WARN_OBJC_LITERAL_CONVERSION = YES;
				CLANG_WARN_OBJC_ROOT_CLASS = YES_ERROR;
				CLANG_WARN_QUOTED_INCLUDE_IN_FRAMEWORK_HEADER = YES;
				CLANG_WARN_RANGE_LOOP_ANALYSIS = YES;
				CLANG_WARN_STRICT_PROTOTYPES = YES;
				CLANG_WARN_SUSPICIOUS_MOVE = YES;
				CLANG_WARN_UNGUARDED_AVAILABILITY = YES_AGGRESSIVE;
				CLANG_WARN_UNREACHABLE_CODE = YES;
				CLANG_WARN__DUPLICATE_METHOD_MATCH = YES;
				COPY_PHASE_STRIP = NO;
				DEBUG_INFORMATION_FORMAT = "dwarf-with-dsym";
				ENABLE_NS_ASSERTIONS = NO;
				ENABLE_STRICT_OBJC_MSGSEND = YES;
				ENABLE_USER_SCRIPT_SANDBOXING = YES;
				GCC_C_LANGUAGE_STANDARD = gnu17;
				GCC_NO_COMMON_BLOCKS = YES;
				GCC_WARN_64_TO_32_BIT_CONVERSION = YES;
				GCC_WARN_ABOUT_RETURN_TYPE = YES_ERROR;
				GCC_WARN_UNDECLARED_SELECTOR = YES;
				GCC_WARN_UNINITIALIZED_AUTOS = YES_AGGRESSIVE;
				GCC_WARN_UNUSED_FUNCTION = YES;
				GCC_WARN_UNUSED_VARIABLE = YES;
				IPHONEOS_DEPLOYMENT_TARGET = 17.4;
				LOCALIZATION_PREFERS_STRING_CATALOGS = YES;
				MTL_ENABLE_DEBUG_INFO = NO;
				MTL_FAST_MATH = YES;
				SDKROOT = iphoneos;
				SWIFT_COMPILATION_MODE = wholemodule;
				VALIDATE_PRODUCT = YES;
			};
			name = Release;
		};
		9AB3C9A02CF84ADC00DD3054 /* Debug */ = {
			isa = XCBuildConfiguration;
			buildSettings = {
				ASSETCATALOG_COMPILER_APPICON_NAME = AppIcon;
				ASSETCATALOG_COMPILER_GLOBAL_ACCENT_COLOR_NAME = AccentColor;
				CODE_SIGN_STYLE = Automatic;
				CURRENT_PROJECT_VERSION = 1;
				DEVELOPMENT_ASSET_PATHS = "\"FruitifyKids/Preview Content\"";
				DEVELOPMENT_TEAM = U5LLTKPD47;
				ENABLE_PREVIEWS = YES;
				GENERATE_INFOPLIST_FILE = YES;
				INFOPLIST_KEY_UIApplicationSceneManifest_Generation = YES;
				INFOPLIST_KEY_UIApplicationSupportsIndirectInputEvents = YES;
				INFOPLIST_KEY_UILaunchScreen_Generation = YES;
				INFOPLIST_KEY_UISupportedInterfaceOrientations_iPad = "UIInterfaceOrientationPortrait UIInterfaceOrientationPortraitUpsideDown UIInterfaceOrientationLandscapeLeft UIInterfaceOrientationLandscapeRight";
				INFOPLIST_KEY_UISupportedInterfaceOrientations_iPhone = "UIInterfaceOrientationPortrait UIInterfaceOrientationLandscapeLeft UIInterfaceOrientationLandscapeRight";
				LD_RUNPATH_SEARCH_PATHS = (
					"$(inherited)",
					"@executable_path/Frameworks",
				);
				MARKETING_VERSION = 1.0;
				PRODUCT_BUNDLE_IDENTIFIER = com.gimha.tests.FruitifyKids;
				PRODUCT_NAME = "$(TARGET_NAME)";
				SWIFT_EMIT_LOC_STRINGS = YES;
				SWIFT_VERSION = 5.0;
				TARGETED_DEVICE_FAMILY = "1,2";
			};
			name = Debug;
		};
		9AB3C9A12CF84ADC00DD3054 /* Release */ = {
			isa = XCBuildConfiguration;
			buildSettings = {
				ASSETCATALOG_COMPILER_APPICON_NAME = AppIcon;
				ASSETCATALOG_COMPILER_GLOBAL_ACCENT_COLOR_NAME = AccentColor;
				CODE_SIGN_STYLE = Automatic;
				CURRENT_PROJECT_VERSION = 1;
				DEVELOPMENT_ASSET_PATHS = "\"FruitifyKids/Preview Content\"";
				DEVELOPMENT_TEAM = U5LLTKPD47;
				ENABLE_PREVIEWS = YES;
				GENERATE_INFOPLIST_FILE = YES;
				INFOPLIST_KEY_UIApplicationSceneManifest_Generation = YES;
				INFOPLIST_KEY_UIApplicationSupportsIndirectInputEvents = YES;
				INFOPLIST_KEY_UILaunchScreen_Generation = YES;
				INFOPLIST_KEY_UISupportedInterfaceOrientations_iPad = "UIInterfaceOrientationPortrait UIInterfaceOrientationPortraitUpsideDown UIInterfaceOrientationLandscapeLeft UIInterfaceOrientationLandscapeRight";
				INFOPLIST_KEY_UISupportedInterfaceOrientations_iPhone = "UIInterfaceOrientationPortrait UIInterfaceOrientationLandscapeLeft UIInterfaceOrientationLandscapeRight";
				LD_RUNPATH_SEARCH_PATHS = (
					"$(inherited)",
					"@executable_path/Frameworks",
				);
				MARKETING_VERSION = 1.0;
				PRODUCT_BUNDLE_IDENTIFIER = com.gimha.tests.FruitifyKids;
				PRODUCT_NAME = "$(TARGET_NAME)";
				SWIFT_EMIT_LOC_STRINGS = YES;
				SWIFT_VERSION = 5.0;
				TARGETED_DEVICE_FAMILY = "1,2";
			};
			name = Release;
		};
/* End XCBuildConfiguration section */

/* Begin XCConfigurationList section */
		9AB3C98C2CF84ADA00DD3054 /* Build configuration list for PBXProject "FruitifyKids" */ = {
			isa = XCConfigurationList;
			buildConfigurations = (
				9AB3C99D2CF84ADC00DD3054 /* Debug */,
				9AB3C99E2CF84ADC00DD3054 /* Release */,
			);
			defaultConfigurationIsVisible = 0;
			defaultConfigurationName = Release;
		};
		9AB3C99F2CF84ADC00DD3054 /* Build configuration list for PBXNativeTarget "FruitifyKids" */ = {
			isa = XCConfigurationList;
			buildConfigurations = (
				9AB3C9A02CF84ADC00DD3054 /* Debug */,
				9AB3C9A12CF84ADC00DD3054 /* Release */,
			);
			defaultConfigurationIsVisible = 0;
			defaultConfigurationName = Release;
		};
/* End XCConfigurationList section */

/* Begin XCRemoteSwiftPackageReference section */
		9AB3C9A72CF8AC3F00DD3054 /* XCRemoteSwiftPackageReference "firebase-ios-sdk" */ = {
			isa = XCRemoteSwiftPackageReference;
			repositoryURL = "https://github.com/firebase/firebase-ios-sdk";
			requirement = {
				kind = upToNextMajorVersion;
				minimumVersion = 11.5.0;
			};
		};
/* End XCRemoteSwiftPackageReference section */

/* Begin XCSwiftPackageProductDependency section */
		9AB3C9A82CF8AC3F00DD3054 /* FirebaseAuth */ = {
			isa = XCSwiftPackageProductDependency;
			package = 9AB3C9A72CF8AC3F00DD3054 /* XCRemoteSwiftPackageReference "firebase-ios-sdk" */;
			productName = FirebaseAuth;
		};
		9AB3C9AA2CF8AC3F00DD3054 /* FirebaseCore */ = {
			isa = XCSwiftPackageProductDependency;
			package = 9AB3C9A72CF8AC3F00DD3054 /* XCRemoteSwiftPackageReference "firebase-ios-sdk" */;
			productName = FirebaseCore;
		};
		9AB3C9AC2CF8AC3F00DD3054 /* FirebaseFirestore */ = {
			isa = XCSwiftPackageProductDependency;
			package = 9AB3C9A72CF8AC3F00DD3054 /* XCRemoteSwiftPackageReference "firebase-ios-sdk" */;
			productName = FirebaseFirestore;
		};
		9AB3C9AE2CF8AC3F00DD3054 /* FirebaseStorage */ = {
			isa = XCSwiftPackageProductDependency;
			package = 9AB3C9A72CF8AC3F00DD3054 /* XCRemoteSwiftPackageReference "firebase-ios-sdk" */;
			productName = FirebaseStorage;
		};
/* End XCSwiftPackageProductDependency section */
	};
	rootObject = 9AB3C9892CF84ADA00DD3054 /* Project object */;
}
